lockfileVersion: '9.0'

settings:
  autoInstallPeers: true
  excludeLinksFromLockfile: false

importers:

  .:
    dependencies:
      vditor:
        specifier: ^3.1.10
        version: 3.11.2
    devDependencies:
      '@types/node':
        specifier: ^24.10.1
        version: 24.10.1
      '@types/vscode':
        specifier: ^1.106.1
        version: 1.106.1
      typescript:
        specifier: ^5.0.0
        version: 5.9.3

packages:

  '@types/node@24.10.1':
    resolution: {integrity: sha512-GNWcUTRBgIRJD5zj+Tq0fKOJ5XZajIiBroOF0yvj2bSU1WvNdYS/dn9UxwsujGW4JX06dnHyjV2y9rRaybH0iQ==}

  '@types/vscode@1.106.1':
    resolution: {integrity: sha512-R/HV8u2h8CAddSbX8cjpdd7B8/GnE4UjgjpuGuHcbp1xV6yh4OeqU4L1pKjlwujCrSFS0MOpwJAIs/NexMB1fQ==}

  diff-match-patch@1.0.5:
    resolution: {integrity: sha512-IayShXAgj/QMXgB0IWmKx+rOPuGMhqm5w6jvFxmVenXKIzRqTAAsbBPT3kWQeGANj3jGgvcvv4yK6SxqYmikgw==}

  typescript@5.9.3:
    resolution: {integrity: sha512-jl1vZzPDinLr9eUt3J/t7V6FgNEw9QjvBPdysz9KfQDD41fQrC2Y4vKQdiaUpFT4bXlb1RHhLpp8wtm6M5TgSw==}
    engines: {node: '>=14.17'}
    hasBin: true

  undici-types@7.16.0:
    resolution: {integrity: sha512-Zz+aZWSj8LE6zoxD+xrjh4VfkIG8Ya6LvYkZqtUQGJPZjYl53ypCaUwWqo7eI0x66KBGeRo+mlBEkMSeSZ38Nw==}

  vditor@3.11.2:
    resolution: {integrity: sha512-8QguQQUPWbBFocnfQmWjz4jiykQnvsmCuhOomGIVVK7vc+dQq2h8w9qQQuEjUTZpnZT5fEdYbj4aLr1NGdAZaA==}

snapshots:

  '@types/node@24.10.1':
    dependencies:
      undici-types: 7.16.0

  '@types/vscode@1.106.1': {}

  diff-match-patch@1.0.5: {}

  typescript@5.9.3: {}

  undici-types@7.16.0: {}

  vditor@3.11.2:
    dependencies:
      diff-match-patch: 1.0.5
